
Microsoft Visual Studio Solution File, Format Version 12.00
# Visual Studio Version 16
VisualStudioVersion = 16.0.30204.135
MinimumVisualStudioVersion = 10.0.40219.1
Project("{FAE04EC0-301F-11D3-BF4B-00C04F79EFBC}") = "CosasUsanPersonas", "CosasUsanPersonas\CosasUsanPersonas.csproj", "{E07A00AA-A2A1-4DDF-8245-640D82A034E7}"
EndProject
Global
	GlobalSection(SolutionConfigurationPlatforms) = preSolution
		Debug|Any CPU = Debug|Any CPU
		Release|Any CPU = Release|Any CPU
	EndGlobalSection
	GlobalSection(ProjectConfigurationPlatforms) = postSolution
		{E07A00AA-A2A1-4DDF-8245-640D82A034E7}.Debug|Any CPU.ActiveCfg = Debug|Any CPU
		{E07A00AA-A2A1-4DDF-8245-640D82A034E7}.Debug|Any CPU.Build.0 = Debug|Any CPU
		{E07A00AA-A2A1-4DDF-8245-640D82A034E7}.Release|Any CPU.ActiveCfg = Release|Any CPU
		{E07A00AA-A2A1-4DDF-8245-640D82A034E7}.Release|Any CPU.Build.0 = Release|Any CPU
	EndGlobalSection
	GlobalSection(SolutionProperties) = preSolution
		HideSolutionNode = FALSE
	EndGlobalSection
	GlobalSection(ExtensibilityGlobals) = postSolution
		SolutionGuid = {34F6E470-7FF6-4444-8C30-3D15A47EDA2C}
	EndGlobalSection
EndGlobal
